
Microsoft Visual Studio Solution File, Format Version 12.00
# Visual Studio 15
VisualStudioVersion = 15.0.28010.2046
MinimumVisualStudioVersion = 10.0.40219.1
Project("{FAE04EC0-301F-11D3-BF4B-00C04F79EFBC}") = "WpfApp1", "WpfApp1\WpfApp1.csproj", "{D3C8C52C-CA60-4047-A567-36933CCF1C84}"
EndProject
Project("{FAE04EC0-301F-11D3-BF4B-00C04F79EFBC}") = "WpfApp2", "WpfApp2\WpfApp2.csproj", "{147297C5-04C4-4A90-9E38-5B9BFDDC60FA}"
EndProject
Global
	GlobalSection(SolutionConfigurationPlatforms) = preSolution
		Debug|Any CPU = Debug|Any CPU
		Release|Any CPU = Release|Any CPU
	EndGlobalSection
	GlobalSection(ProjectConfigurationPlatforms) = postSolution
		{D3C8C52C-CA60-4047-A567-36933CCF1C84}.Debug|Any CPU.ActiveCfg = Debug|Any CPU
		{D3C8C52C-CA60-4047-A567-36933CCF1C84}.Debug|Any CPU.Build.0 = Debug|Any CPU
		{D3C8C52C-CA60-4047-A567-36933CCF1C84}.Release|Any CPU.ActiveCfg = Release|Any CPU
		{D3C8C52C-CA60-4047-A567-36933CCF1C84}.Release|Any CPU.Build.0 = Release|Any CPU
		{147297C5-04C4-4A90-9E38-5B9BFDDC60FA}.Debug|Any CPU.ActiveCfg = Debug|Any CPU
		{147297C5-04C4-4A90-9E38-5B9BFDDC60FA}.Debug|Any CPU.Build.0 = Debug|Any CPU
		{147297C5-04C4-4A90-9E38-5B9BFDDC60FA}.Release|Any CPU.ActiveCfg = Release|Any CPU
		{147297C5-04C4-4A90-9E38-5B9BFDDC60FA}.Release|Any CPU.Build.0 = Release|Any CPU
	EndGlobalSection
	GlobalSection(SolutionProperties) = preSolution
		HideSolutionNode = FALSE
	EndGlobalSection
	GlobalSection(ExtensibilityGlobals) = postSolution
		SolutionGuid = {91236AC8-3AD0-4C7A-B026-8C264DC35AA3}
	EndGlobalSection
EndGlobal
